
Microsoft Visual Studio Solution File, Format Version 12.00
# Visual Studio Version 16
VisualStudioVersion = 16.0.32630.194
MinimumVisualStudioVersion = 10.0.40219.1
Project("{FAE04EC0-301F-11D3-BF4B-00C04F79EFBC}") = "TP1-420-14B-FX", "TP1-420-14B-FX\TP1-420-14B-FX.csproj", "{9B607B14-FEDB-4FBD-A844-EC4B763E91C5}"
EndProject
Global
	GlobalSection(SolutionConfigurationPlatforms) = preSolution
		Debug|Any CPU = Debug|Any CPU
		Release|Any CPU = Release|Any CPU
	EndGlobalSection
	GlobalSection(ProjectConfigurationPlatforms) = postSolution
		{9B607B14-FEDB-4FBD-A844-EC4B763E91C5}.Debug|Any CPU.ActiveCfg = Debug|Any CPU
		{9B607B14-FEDB-4FBD-A844-EC4B763E91C5}.Debug|Any CPU.Build.0 = Debug|Any CPU
		{9B607B14-FEDB-4FBD-A844-EC4B763E91C5}.Release|Any CPU.ActiveCfg = Release|Any CPU
		{9B607B14-FEDB-4FBD-A844-EC4B763E91C5}.Release|Any CPU.Build.0 = Release|Any CPU
	EndGlobalSection
	GlobalSection(SolutionProperties) = preSolution
		HideSolutionNode = FALSE
	EndGlobalSection
	GlobalSection(ExtensibilityGlobals) = postSolution
		SolutionGuid = {CF54E31F-499D-4060-BE49-4CCEEF7A965B}
	EndGlobalSection
EndGlobal
